// !$*UTF8*$!
{
	archiveVersion = 1;
	classes = {
	};
	objectVersion = 55;
	objects = {

/* Begin PBXBuildFile section */
		396A286BA53914D265919502 /* Pods_CS275_Final_Project_CS275_Final_ProjectUITests.framework in Frameworks */ = {isa = PBXBuildFile; fileRef = 37ED3620A6598A447DD7A77A /* Pods_CS275_Final_Project_CS275_Final_ProjectUITests.framework */; };
		6FBCBFEB6EFFA4EEB272C2EE /* Pods_CS275_Final_Project.framework in Frameworks */ = {isa = PBXBuildFile; fileRef = 207D778619AD40EBBD565A77 /* Pods_CS275_Final_Project.framework */; };
		B853E0682728526A00058EF8 /* RubenJamesInfo.swift in Sources */ = {isa = PBXBuildFile; fileRef = B853E0672728526A00058EF8 /* RubenJamesInfo.swift */; };
		B86295022717758A00EA8906 /* AppDelegate.swift in Sources */ = {isa = PBXBuildFile; fileRef = B86295012717758A00EA8906 /* AppDelegate.swift */; };
		B86295042717758A00EA8906 /* SceneDelegate.swift in Sources */ = {isa = PBXBuildFile; fileRef = B86295032717758A00EA8906 /* SceneDelegate.swift */; };
		B86295062717758A00EA8906 /* ViewController.swift in Sources */ = {isa = PBXBuildFile; fileRef = B86295052717758A00EA8906 /* ViewController.swift */; };
		B86295092717758A00EA8906 /* Main.storyboard in Resources */ = {isa = PBXBuildFile; fileRef = B86295072717758A00EA8906 /* Main.storyboard */; };
		B862950B2717758B00EA8906 /* Assets.xcassets in Resources */ = {isa = PBXBuildFile; fileRef = B862950A2717758B00EA8906 /* Assets.xcassets */; };
		B862950E2717758B00EA8906 /* LaunchScreen.storyboard in Resources */ = {isa = PBXBuildFile; fileRef = B862950C2717758B00EA8906 /* LaunchScreen.storyboard */; };
		B86295192717758B00EA8906 /* CS275_Final_ProjectTests.swift in Sources */ = {isa = PBXBuildFile; fileRef = B86295182717758B00EA8906 /* CS275_Final_ProjectTests.swift */; };
		B86295232717758B00EA8906 /* CS275_Final_ProjectUITests.swift in Sources */ = {isa = PBXBuildFile; fileRef = B86295222717758B00EA8906 /* CS275_Final_ProjectUITests.swift */; };
		B86295252717758B00EA8906 /* CS275_Final_ProjectUITestsLaunchTests.swift in Sources */ = {isa = PBXBuildFile; fileRef = B86295242717758B00EA8906 /* CS275_Final_ProjectUITestsLaunchTests.swift */; };
		B8E9E5FF271E05FD00AB3B32 /* PatronMap.swift in Sources */ = {isa = PBXBuildFile; fileRef = B8E9E5FE271E05FD00AB3B32 /* PatronMap.swift */; };
		D8030851273C84CD00675C59 /* ManagerCreateAccount.swift in Sources */ = {isa = PBXBuildFile; fileRef = D8030850273C84CD00675C59 /* ManagerCreateAccount.swift */; };
		D8030853273C923C00675C59 /* ManagerInformation.swift in Sources */ = {isa = PBXBuildFile; fileRef = D8030852273C923C00675C59 /* ManagerInformation.swift */; };
		D81863C0271E017E00044769 /* ManagerSignIn.swift in Sources */ = {isa = PBXBuildFile; fileRef = D81863BF271E017E00044769 /* ManagerSignIn.swift */; };
		D8C34C31271E05D6002D9B13 /* ManagerHome.swift in Sources */ = {isa = PBXBuildFile; fileRef = D8C34C30271E05D6002D9B13 /* ManagerHome.swift */; };
		D8C34C33271E2361002D9B13 /* ManagerSettings.swift in Sources */ = {isa = PBXBuildFile; fileRef = D8C34C32271E2361002D9B13 /* ManagerSettings.swift */; };
		F7544F736D982D8913122490 /* Pods_CS275_Final_ProjectTests.framework in Frameworks */ = {isa = PBXBuildFile; fileRef = F7766088614288CD83A9D724 /* Pods_CS275_Final_ProjectTests.framework */; };
/* End PBXBuildFile section */

/* Begin PBXContainerItemProxy section */
		B86295152717758B00EA8906 /* PBXContainerItemProxy */ = {
			isa = PBXContainerItemProxy;
			containerPortal = B86294F62717758A00EA8906 /* Project object */;
			proxyType = 1;
			remoteGlobalIDString = B86294FD2717758A00EA8906;
			remoteInfo = "CS275-Final-Project";
		};
		B862951F2717758B00EA8906 /* PBXContainerItemProxy */ = {
			isa = PBXContainerItemProxy;
			containerPortal = B86294F62717758A00EA8906 /* Project object */;
			proxyType = 1;
			remoteGlobalIDString = B86294FD2717758A00EA8906;
			remoteInfo = "CS275-Final-Project";
		};
/* End PBXContainerItemProxy section */

/* Begin PBXFileReference section */
		207D778619AD40EBBD565A77 /* Pods_CS275_Final_Project.framework */ = {isa = PBXFileReference; explicitFileType = wrapper.framework; includeInIndex = 0; path = Pods_CS275_Final_Project.framework; sourceTree = BUILT_PRODUCTS_DIR; };
		37ED3620A6598A447DD7A77A /* Pods_CS275_Final_Project_CS275_Final_ProjectUITests.framework */ = {isa = PBXFileReference; explicitFileType = wrapper.framework; includeInIndex = 0; path = Pods_CS275_Final_Project_CS275_Final_ProjectUITests.framework; sourceTree = BUILT_PRODUCTS_DIR; };
		73AF7372A90706DF353712B6 /* Pods-CS275-Final-Project.release.xcconfig */ = {isa = PBXFileReference; includeInIndex = 1; lastKnownFileType = text.xcconfig; name = "Pods-CS275-Final-Project.release.xcconfig"; path = "Target Support Files/Pods-CS275-Final-Project/Pods-CS275-Final-Project.release.xcconfig"; sourceTree = "<group>"; };
		84422DE520E1408B279EFF6A /* Pods-CS275-Final-Project-CS275-Final-ProjectUITests.release.xcconfig */ = {isa = PBXFileReference; includeInIndex = 1; lastKnownFileType = text.xcconfig; name = "Pods-CS275-Final-Project-CS275-Final-ProjectUITests.release.xcconfig"; path = "Target Support Files/Pods-CS275-Final-Project-CS275-Final-ProjectUITests/Pods-CS275-Final-Project-CS275-Final-ProjectUITests.release.xcconfig"; sourceTree = "<group>"; };
		9C7F4FF24A1B5C3C51439705 /* Pods-CS275-Final-ProjectTests.release.xcconfig */ = {isa = PBXFileReference; includeInIndex = 1; lastKnownFileType = text.xcconfig; name = "Pods-CS275-Final-ProjectTests.release.xcconfig"; path = "Target Support Files/Pods-CS275-Final-ProjectTests/Pods-CS275-Final-ProjectTests.release.xcconfig"; sourceTree = "<group>"; };
		A24EF4FF6F2A25DD53823C49 /* Pods-CS275-Final-ProjectTests.debug.xcconfig */ = {isa = PBXFileReference; includeInIndex = 1; lastKnownFileType = text.xcconfig; name = "Pods-CS275-Final-ProjectTests.debug.xcconfig"; path = "Target Support Files/Pods-CS275-Final-ProjectTests/Pods-CS275-Final-ProjectTests.debug.xcconfig"; sourceTree = "<group>"; };
		B853E0672728526A00058EF8 /* RubenJamesInfo.swift */ = {isa = PBXFileReference; lastKnownFileType = sourcecode.swift; path = RubenJamesInfo.swift; sourceTree = "<group>"; };
		B86294FE2717758A00EA8906 /* CS275-Final-Project.app */ = {isa = PBXFileReference; explicitFileType = wrapper.application; includeInIndex = 0; path = "CS275-Final-Project.app"; sourceTree = BUILT_PRODUCTS_DIR; };
		B86295012717758A00EA8906 /* AppDelegate.swift */ = {isa = PBXFileReference; lastKnownFileType = sourcecode.swift; path = AppDelegate.swift; sourceTree = "<group>"; };
		B86295032717758A00EA8906 /* SceneDelegate.swift */ = {isa = PBXFileReference; lastKnownFileType = sourcecode.swift; path = SceneDelegate.swift; sourceTree = "<group>"; };
		B86295052717758A00EA8906 /* ViewController.swift */ = {isa = PBXFileReference; lastKnownFileType = sourcecode.swift; path = ViewController.swift; sourceTree = "<group>"; };
		B86295082717758A00EA8906 /* Base */ = {isa = PBXFileReference; lastKnownFileType = file.storyboard; name = Base; path = Base.lproj/Main.storyboard; sourceTree = "<group>"; };
		B862950A2717758B00EA8906 /* Assets.xcassets */ = {isa = PBXFileReference; lastKnownFileType = folder.assetcatalog; path = Assets.xcassets; sourceTree = "<group>"; };
		B862950D2717758B00EA8906 /* Base */ = {isa = PBXFileReference; lastKnownFileType = file.storyboard; name = Base; path = Base.lproj/LaunchScreen.storyboard; sourceTree = "<group>"; };
		B862950F2717758B00EA8906 /* Info.plist */ = {isa = PBXFileReference; lastKnownFileType = text.plist.xml; path = Info.plist; sourceTree = "<group>"; };
		B86295142717758B00EA8906 /* CS275-Final-ProjectTests.xctest */ = {isa = PBXFileReference; explicitFileType = wrapper.cfbundle; includeInIndex = 0; path = "CS275-Final-ProjectTests.xctest"; sourceTree = BUILT_PRODUCTS_DIR; };
		B86295182717758B00EA8906 /* CS275_Final_ProjectTests.swift */ = {isa = PBXFileReference; lastKnownFileType = sourcecode.swift; path = CS275_Final_ProjectTests.swift; sourceTree = "<group>"; };
		B862951E2717758B00EA8906 /* CS275-Final-ProjectUITests.xctest */ = {isa = PBXFileReference; explicitFileType = wrapper.cfbundle; includeInIndex = 0; path = "CS275-Final-ProjectUITests.xctest"; sourceTree = BUILT_PRODUCTS_DIR; };
		B86295222717758B00EA8906 /* CS275_Final_ProjectUITests.swift */ = {isa = PBXFileReference; lastKnownFileType = sourcecode.swift; path = CS275_Final_ProjectUITests.swift; sourceTree = "<group>"; };
		B86295242717758B00EA8906 /* CS275_Final_ProjectUITestsLaunchTests.swift */ = {isa = PBXFileReference; lastKnownFileType = sourcecode.swift; path = CS275_Final_ProjectUITestsLaunchTests.swift; sourceTree = "<group>"; };
		B8E9E5FE271E05FD00AB3B32 /* PatronMap.swift */ = {isa = PBXFileReference; lastKnownFileType = sourcecode.swift; path = PatronMap.swift; sourceTree = "<group>"; };
		D8030850273C84CD00675C59 /* ManagerCreateAccount.swift */ = {isa = PBXFileReference; lastKnownFileType = sourcecode.swift; path = ManagerCreateAccount.swift; sourceTree = "<group>"; };
		D8030852273C923C00675C59 /* ManagerInformation.swift */ = {isa = PBXFileReference; lastKnownFileType = sourcecode.swift; path = ManagerInformation.swift; sourceTree = "<group>"; };
		D81863BF271E017E00044769 /* ManagerSignIn.swift */ = {isa = PBXFileReference; lastKnownFileType = sourcecode.swift; path = ManagerSignIn.swift; sourceTree = "<group>"; };
		D8C34C30271E05D6002D9B13 /* ManagerHome.swift */ = {isa = PBXFileReference; lastKnownFileType = sourcecode.swift; path = ManagerHome.swift; sourceTree = "<group>"; };
		D8C34C32271E2361002D9B13 /* ManagerSettings.swift */ = {isa = PBXFileReference; lastKnownFileType = sourcecode.swift; path = ManagerSettings.swift; sourceTree = "<group>"; };
		DAB299DF42F28567CDF5B892 /* Pods-CS275-Final-Project-CS275-Final-ProjectUITests.debug.xcconfig */ = {isa = PBXFileReference; includeInIndex = 1; lastKnownFileType = text.xcconfig; name = "Pods-CS275-Final-Project-CS275-Final-ProjectUITests.debug.xcconfig"; path = "Target Support Files/Pods-CS275-Final-Project-CS275-Final-ProjectUITests/Pods-CS275-Final-Project-CS275-Final-ProjectUITests.debug.xcconfig"; sourceTree = "<group>"; };
		ED6D58CB9415DA5F101FE0CF /* Pods-CS275-Final-Project.debug.xcconfig */ = {isa = PBXFileReference; includeInIndex = 1; lastKnownFileType = text.xcconfig; name = "Pods-CS275-Final-Project.debug.xcconfig"; path = "Target Support Files/Pods-CS275-Final-Project/Pods-CS275-Final-Project.debug.xcconfig"; sourceTree = "<group>"; };
		F7766088614288CD83A9D724 /* Pods_CS275_Final_ProjectTests.framework */ = {isa = PBXFileReference; explicitFileType = wrapper.framework; includeInIndex = 0; path = Pods_CS275_Final_ProjectTests.framework; sourceTree = BUILT_PRODUCTS_DIR; };
/* End PBXFileReference section */

/* Begin PBXFrameworksBuildPhase section */
		B86294FB2717758A00EA8906 /* Frameworks */ = {
			isa = PBXFrameworksBuildPhase;
			buildActionMask = 2147483647;
			files = (
				6FBCBFEB6EFFA4EEB272C2EE /* Pods_CS275_Final_Project.framework in Frameworks */,
			);
			runOnlyForDeploymentPostprocessing = 0;
		};
		B86295112717758B00EA8906 /* Frameworks */ = {
			isa = PBXFrameworksBuildPhase;
			buildActionMask = 2147483647;
			files = (
				F7544F736D982D8913122490 /* Pods_CS275_Final_ProjectTests.framework in Frameworks */,
			);
			runOnlyForDeploymentPostprocessing = 0;
		};
		B862951B2717758B00EA8906 /* Frameworks */ = {
			isa = PBXFrameworksBuildPhase;
			buildActionMask = 2147483647;
			files = (
				396A286BA53914D265919502 /* Pods_CS275_Final_Project_CS275_Final_ProjectUITests.framework in Frameworks */,
			);
			runOnlyForDeploymentPostprocessing = 0;
		};
/* End PBXFrameworksBuildPhase section */

/* Begin PBXGroup section */
		67EE0870E16C7DA101814AE8 /* Frameworks */ = {
			isa = PBXGroup;
			children = (
				207D778619AD40EBBD565A77 /* Pods_CS275_Final_Project.framework */,
				37ED3620A6598A447DD7A77A /* Pods_CS275_Final_Project_CS275_Final_ProjectUITests.framework */,
				F7766088614288CD83A9D724 /* Pods_CS275_Final_ProjectTests.framework */,
			);
			name = Frameworks;
			sourceTree = "<group>";
		};
		B17073933E898934C8169B3D /* Pods */ = {
			isa = PBXGroup;
			children = (
				ED6D58CB9415DA5F101FE0CF /* Pods-CS275-Final-Project.debug.xcconfig */,
				73AF7372A90706DF353712B6 /* Pods-CS275-Final-Project.release.xcconfig */,
				DAB299DF42F28567CDF5B892 /* Pods-CS275-Final-Project-CS275-Final-ProjectUITests.debug.xcconfig */,
				84422DE520E1408B279EFF6A /* Pods-CS275-Final-Project-CS275-Final-ProjectUITests.release.xcconfig */,
				A24EF4FF6F2A25DD53823C49 /* Pods-CS275-Final-ProjectTests.debug.xcconfig */,
				9C7F4FF24A1B5C3C51439705 /* Pods-CS275-Final-ProjectTests.release.xcconfig */,
			);
			path = Pods;
			sourceTree = "<group>";
		};
		B86294F52717758A00EA8906 = {
			isa = PBXGroup;
			children = (
				B86295002717758A00EA8906 /* CS275-Final-Project */,
				B86295172717758B00EA8906 /* CS275-Final-ProjectTests */,
				B86295212717758B00EA8906 /* CS275-Final-ProjectUITests */,
				B86294FF2717758A00EA8906 /* Products */,
				B17073933E898934C8169B3D /* Pods */,
				67EE0870E16C7DA101814AE8 /* Frameworks */,
			);
			sourceTree = "<group>";
		};
		B86294FF2717758A00EA8906 /* Products */ = {
			isa = PBXGroup;
			children = (
				B86294FE2717758A00EA8906 /* CS275-Final-Project.app */,
				B86295142717758B00EA8906 /* CS275-Final-ProjectTests.xctest */,
				B862951E2717758B00EA8906 /* CS275-Final-ProjectUITests.xctest */,
			);
			name = Products;
			sourceTree = "<group>";
		};
		B86295002717758A00EA8906 /* CS275-Final-Project */ = {
			isa = PBXGroup;
			children = (
				B86295012717758A00EA8906 /* AppDelegate.swift */,
				B86295032717758A00EA8906 /* SceneDelegate.swift */,
				B86295052717758A00EA8906 /* ViewController.swift */,
				B86295072717758A00EA8906 /* Main.storyboard */,
				D8030852273C923C00675C59 /* ManagerInformation.swift */,
				D8030850273C84CD00675C59 /* ManagerCreateAccount.swift */,
				B853E0672728526A00058EF8 /* RubenJamesInfo.swift */,
				D8C34C32271E2361002D9B13 /* ManagerSettings.swift */,
				D8C34C30271E05D6002D9B13 /* ManagerHome.swift */,
				D81863BF271E017E00044769 /* ManagerSignIn.swift */,
				B862950A2717758B00EA8906 /* Assets.xcassets */,
				B862950C2717758B00EA8906 /* LaunchScreen.storyboard */,
				B862950F2717758B00EA8906 /* Info.plist */,
				B8E9E5FE271E05FD00AB3B32 /* PatronMap.swift */,
			);
			path = "CS275-Final-Project";
			sourceTree = "<group>";
		};
		B86295172717758B00EA8906 /* CS275-Final-ProjectTests */ = {
			isa = PBXGroup;
			children = (
				B86295182717758B00EA8906 /* CS275_Final_ProjectTests.swift */,
			);
			path = "CS275-Final-ProjectTests";
			sourceTree = "<group>";
		};
		B86295212717758B00EA8906 /* CS275-Final-ProjectUITests */ = {
			isa = PBXGroup;
			children = (
				B86295222717758B00EA8906 /* CS275_Final_ProjectUITests.swift */,
				B86295242717758B00EA8906 /* CS275_Final_ProjectUITestsLaunchTests.swift */,
			);
			path = "CS275-Final-ProjectUITests";
			sourceTree = "<group>";
		};
/* End PBXGroup section */

/* Begin PBXNativeTarget section */
		B86294FD2717758A00EA8906 /* CS275-Final-Project */ = {
			isa = PBXNativeTarget;
			buildConfigurationList = B86295282717758B00EA8906 /* Build configuration list for PBXNativeTarget "CS275-Final-Project" */;
			buildPhases = (
				6E891D61EC5809F21A6F4ABA /* [CP] Check Pods Manifest.lock */,
				B86294FA2717758A00EA8906 /* Sources */,
				B86294FB2717758A00EA8906 /* Frameworks */,
				B86294FC2717758A00EA8906 /* Resources */,
				F50915B0D45319784D7C0E05 /* [CP] Embed Pods Frameworks */,
			);
			buildRules = (
			);
			dependencies = (
			);
			name = "CS275-Final-Project";
			productName = "CS275-Final-Project";
			productReference = B86294FE2717758A00EA8906 /* CS275-Final-Project.app */;
			productType = "com.apple.product-type.application";
		};
		B86295132717758B00EA8906 /* CS275-Final-ProjectTests */ = {
			isa = PBXNativeTarget;
			buildConfigurationList = B862952B2717758B00EA8906 /* Build configuration list for PBXNativeTarget "CS275-Final-ProjectTests" */;
			buildPhases = (
				A8DC441DB6C9BE1CCDD737E3 /* [CP] Check Pods Manifest.lock */,
				B86295102717758B00EA8906 /* Sources */,
				B86295112717758B00EA8906 /* Frameworks */,
				B86295122717758B00EA8906 /* Resources */,
			);
			buildRules = (
			);
			dependencies = (
				B86295162717758B00EA8906 /* PBXTargetDependency */,
			);
			name = "CS275-Final-ProjectTests";
			productName = "CS275-Final-ProjectTests";
			productReference = B86295142717758B00EA8906 /* CS275-Final-ProjectTests.xctest */;
			productType = "com.apple.product-type.bundle.unit-test";
		};
		B862951D2717758B00EA8906 /* CS275-Final-ProjectUITests */ = {
			isa = PBXNativeTarget;
			buildConfigurationList = B862952E2717758B00EA8906 /* Build configuration list for PBXNativeTarget "CS275-Final-ProjectUITests" */;
			buildPhases = (
				E5C081668FD1A4C6D85DFC42 /* [CP] Check Pods Manifest.lock */,
				B862951A2717758B00EA8906 /* Sources */,
				B862951B2717758B00EA8906 /* Frameworks */,
				B862951C2717758B00EA8906 /* Resources */,
				A23A437C89F84BA202C65D5D /* [CP] Embed Pods Frameworks */,
			);
			buildRules = (
			);
			dependencies = (
				B86295202717758B00EA8906 /* PBXTargetDependency */,
			);
			name = "CS275-Final-ProjectUITests";
			productName = "CS275-Final-ProjectUITests";
			productReference = B862951E2717758B00EA8906 /* CS275-Final-ProjectUITests.xctest */;
			productType = "com.apple.product-type.bundle.ui-testing";
		};
/* End PBXNativeTarget section */

/* Begin PBXProject section */
		B86294F62717758A00EA8906 /* Project object */ = {
			isa = PBXProject;
			attributes = {
				BuildIndependentTargetsInParallel = 1;
				LastSwiftUpdateCheck = 1300;
				LastUpgradeCheck = 1300;
				TargetAttributes = {
					B86294FD2717758A00EA8906 = {
						CreatedOnToolsVersion = 13.0;
					};
					B86295132717758B00EA8906 = {
						CreatedOnToolsVersion = 13.0;
						TestTargetID = B86294FD2717758A00EA8906;
					};
					B862951D2717758B00EA8906 = {
						CreatedOnToolsVersion = 13.0;
						TestTargetID = B86294FD2717758A00EA8906;
					};
				};
			};
			buildConfigurationList = B86294F92717758A00EA8906 /* Build configuration list for PBXProject "CS275-Final-Project" */;
			compatibilityVersion = "Xcode 13.0";
			developmentRegion = en;
			hasScannedForEncodings = 0;
			knownRegions = (
				en,
				Base,
			);
			mainGroup = B86294F52717758A00EA8906;
			productRefGroup = B86294FF2717758A00EA8906 /* Products */;
			projectDirPath = "";
			projectRoot = "";
			targets = (
				B86294FD2717758A00EA8906 /* CS275-Final-Project */,
				B86295132717758B00EA8906 /* CS275-Final-ProjectTests */,
				B862951D2717758B00EA8906 /* CS275-Final-ProjectUITests */,
			);
		};
/* End PBXProject section */

/* Begin PBXResourcesBuildPhase section */
		B86294FC2717758A00EA8906 /* Resources */ = {
			isa = PBXResourcesBuildPhase;
			buildActionMask = 2147483647;
			files = (
				B862950E2717758B00EA8906 /* LaunchScreen.storyboard in Resources */,
				B862950B2717758B00EA8906 /* Assets.xcassets in Resources */,
				B86295092717758A00EA8906 /* Main.storyboard in Resources */,
			);
			runOnlyForDeploymentPostprocessing = 0;
		};
		B86295122717758B00EA8906 /* Resources */ = {
			isa = PBXResourcesBuildPhase;
			buildActionMask = 2147483647;
			files = (
			);
			runOnlyForDeploymentPostprocessing = 0;
		};
		B862951C2717758B00EA8906 /* Resources */ = {
			isa = PBXResourcesBuildPhase;
			buildActionMask = 2147483647;
			files = (
			);
			runOnlyForDeploymentPostprocessing = 0;
		};
/* End PBXResourcesBuildPhase section */

/* Begin PBXShellScriptBuildPhase section */
		6E891D61EC5809F21A6F4ABA /* [CP] Check Pods Manifest.lock */ = {
			isa = PBXShellScriptBuildPhase;
			buildActionMask = 2147483647;
			files = (
			);
			inputFileListPaths = (
			);
			inputPaths = (
				"${PODS_PODFILE_DIR_PATH}/Podfile.lock",
				"${PODS_ROOT}/Manifest.lock",
			);
			name = "[CP] Check Pods Manifest.lock";
			outputFileListPaths = (
			);
			outputPaths = (
				"$(DERIVED_FILE_DIR)/Pods-CS275-Final-Project-checkManifestLockResult.txt",
			);
			runOnlyForDeploymentPostprocessing = 0;
			shellPath = /bin/sh;
			shellScript = "diff \"${PODS_PODFILE_DIR_PATH}/Podfile.lock\" \"${PODS_ROOT}/Manifest.lock\" > /dev/null\nif [ $? != 0 ] ; then\n    # print error to STDERR\n    echo \"error: The sandbox is not in sync with the Podfile.lock. Run 'pod install' or update your CocoaPods installation.\" >&2\n    exit 1\nfi\n# This output is used by Xcode 'outputs' to avoid re-running this script phase.\necho \"SUCCESS\" > \"${SCRIPT_OUTPUT_FILE_0}\"\n";
			showEnvVarsInLog = 0;
		};
		A23A437C89F84BA202C65D5D /* [CP] Embed Pods Frameworks */ = {
			isa = PBXShellScriptBuildPhase;
			buildActionMask = 2147483647;
			files = (
			);
			inputFileListPaths = (
				"${PODS_ROOT}/Target Support Files/Pods-CS275-Final-Project-CS275-Final-ProjectUITests/Pods-CS275-Final-Project-CS275-Final-ProjectUITests-frameworks-${CONFIGURATION}-input-files.xcfilelist",
			);
			name = "[CP] Embed Pods Frameworks";
			outputFileListPaths = (
				"${PODS_ROOT}/Target Support Files/Pods-CS275-Final-Project-CS275-Final-ProjectUITests/Pods-CS275-Final-Project-CS275-Final-ProjectUITests-frameworks-${CONFIGURATION}-output-files.xcfilelist",
			);
			runOnlyForDeploymentPostprocessing = 0;
			shellPath = /bin/sh;
			shellScript = "\"${PODS_ROOT}/Target Support Files/Pods-CS275-Final-Project-CS275-Final-ProjectUITests/Pods-CS275-Final-Project-CS275-Final-ProjectUITests-frameworks.sh\"\n";
			showEnvVarsInLog = 0;
		};
		A8DC441DB6C9BE1CCDD737E3 /* [CP] Check Pods Manifest.lock */ = {
			isa = PBXShellScriptBuildPhase;
			buildActionMask = 2147483647;
			files = (
			);
			inputFileListPaths = (
			);
			inputPaths = (
				"${PODS_PODFILE_DIR_PATH}/Podfile.lock",
				"${PODS_ROOT}/Manifest.lock",
			);
			name = "[CP] Check Pods Manifest.lock";
			outputFileListPaths = (
			);
			outputPaths = (
				"$(DERIVED_FILE_DIR)/Pods-CS275-Final-ProjectTests-checkManifestLockResult.txt",
			);
			runOnlyForDeploymentPostprocessing = 0;
			shellPath = /bin/sh;
			shellScript = "diff \"${PODS_PODFILE_DIR_PATH}/Podfile.lock\" \"${PODS_ROOT}/Manifest.lock\" > /dev/null\nif [ $? != 0 ] ; then\n    # print error to STDERR\n    echo \"error: The sandbox is not in sync with the Podfile.lock. Run 'pod install' or update your CocoaPods installation.\" >&2\n    exit 1\nfi\n# This output is used by Xcode 'outputs' to avoid re-running this script phase.\necho \"SUCCESS\" > \"${SCRIPT_OUTPUT_FILE_0}\"\n";
			showEnvVarsInLog = 0;
		};
		E5C081668FD1A4C6D85DFC42 /* [CP] Check Pods Manifest.lock */ = {
			isa = PBXShellScriptBuildPhase;
			buildActionMask = 2147483647;
			files = (
			);
			inputFileListPaths = (
			);
			inputPaths = (
				"${PODS_PODFILE_DIR_PATH}/Podfile.lock",
				"${PODS_ROOT}/Manifest.lock",
			);
			name = "[CP] Check Pods Manifest.lock";
			outputFileListPaths = (
			);
			outputPaths = (
				"$(DERIVED_FILE_DIR)/Pods-CS275-Final-Project-CS275-Final-ProjectUITests-checkManifestLockResult.txt",
			);
			runOnlyForDeploymentPostprocessing = 0;
			shellPath = /bin/sh;
			shellScript = "diff \"${PODS_PODFILE_DIR_PATH}/Podfile.lock\" \"${PODS_ROOT}/Manifest.lock\" > /dev/null\nif [ $? != 0 ] ; then\n    # print error to STDERR\n    echo \"error: The sandbox is not in sync with the Podfile.lock. Run 'pod install' or update your CocoaPods installation.\" >&2\n    exit 1\nfi\n# This output is used by Xcode 'outputs' to avoid re-running this script phase.\necho \"SUCCESS\" > \"${SCRIPT_OUTPUT_FILE_0}\"\n";
			showEnvVarsInLog = 0;
		};
		F50915B0D45319784D7C0E05 /* [CP] Embed Pods Frameworks */ = {
			isa = PBXShellScriptBuildPhase;
			buildActionMask = 2147483647;
			files = (
			);
			inputFileListPaths = (
				"${PODS_ROOT}/Target Support Files/Pods-CS275-Final-Project/Pods-CS275-Final-Project-frameworks-${CONFIGURATION}-input-files.xcfilelist",
			);
			name = "[CP] Embed Pods Frameworks";
			outputFileListPaths = (
				"${PODS_ROOT}/Target Support Files/Pods-CS275-Final-Project/Pods-CS275-Final-Project-frameworks-${CONFIGURATION}-output-files.xcfilelist",
			);
			runOnlyForDeploymentPostprocessing = 0;
			shellPath = /bin/sh;
			shellScript = "\"${PODS_ROOT}/Target Support Files/Pods-CS275-Final-Project/Pods-CS275-Final-Project-frameworks.sh\"\n";
			showEnvVarsInLog = 0;
		};
/* End PBXShellScriptBuildPhase section */

/* Begin PBXSourcesBuildPhase section */
		B86294FA2717758A00EA8906 /* Sources */ = {
			isa = PBXSourcesBuildPhase;
			buildActionMask = 2147483647;
			files = (
				B86295062717758A00EA8906 /* ViewController.swift in Sources */,
				D81863C0271E017E00044769 /* ManagerSignIn.swift in Sources */,
				D8030853273C923C00675C59 /* ManagerInformation.swift in Sources */,
				D8C34C33271E2361002D9B13 /* ManagerSettings.swift in Sources */,
				B8E9E5FF271E05FD00AB3B32 /* PatronMap.swift in Sources */,
				D8030851273C84CD00675C59 /* ManagerCreateAccount.swift in Sources */,
				B86295022717758A00EA8906 /* AppDelegate.swift in Sources */,
				B86295042717758A00EA8906 /* SceneDelegate.swift in Sources */,
				D8C34C31271E05D6002D9B13 /* ManagerHome.swift in Sources */,
				B853E0682728526A00058EF8 /* RubenJamesInfo.swift in Sources */,
			);
			runOnlyForDeploymentPostprocessing = 0;
		};
		B86295102717758B00EA8906 /* Sources */ = {
			isa = PBXSourcesBuildPhase;
			buildActionMask = 2147483647;
			files = (
				B86295192717758B00EA8906 /* CS275_Final_ProjectTests.swift in Sources */,
			);
			runOnlyForDeploymentPostprocessing = 0;
		};
		B862951A2717758B00EA8906 /* Sources */ = {
			isa = PBXSourcesBuildPhase;
			buildActionMask = 2147483647;
			files = (
				B86295252717758B00EA8906 /* CS275_Final_ProjectUITestsLaunchTests.swift in Sources */,
				B86295232717758B00EA8906 /* CS275_Final_ProjectUITests.swift in Sources */,
			);
			runOnlyForDeploymentPostprocessing = 0;
		};
/* End PBXSourcesBuildPhase section */

/* Begin PBXTargetDependency section */
		B86295162717758B00EA8906 /* PBXTargetDependency */ = {
			isa = PBXTargetDependency;
			target = B86294FD2717758A00EA8906 /* CS275-Final-Project */;
			targetProxy = B86295152717758B00EA8906 /* PBXContainerItemProxy */;
		};
		B86295202717758B00EA8906 /* PBXTargetDependency */ = {
			isa = PBXTargetDependency;
			target = B86294FD2717758A00EA8906 /* CS275-Final-Project */;
			targetProxy = B862951F2717758B00EA8906 /* PBXContainerItemProxy */;
		};
/* End PBXTargetDependency section */

/* Begin PBXVariantGroup section */
		B86295072717758A00EA8906 /* Main.storyboard */ = {
			isa = PBXVariantGroup;
			children = (
				B86295082717758A00EA8906 /* Base */,
			);
			name = Main.storyboard;
			sourceTree = "<group>";
		};
		B862950C2717758B00EA8906 /* LaunchScreen.storyboard */ = {
			isa = PBXVariantGroup;
			children = (
				B862950D2717758B00EA8906 /* Base */,
			);
			name = LaunchScreen.storyboard;
			sourceTree = "<group>";
		};
/* End PBXVariantGroup section */

/* Begin XCBuildConfiguration section */
		B86295262717758B00EA8906 /* Debug */ = {
			isa = XCBuildConfiguration;
			buildSettings = {
				ALWAYS_SEARCH_USER_PATHS = NO;
				CLANG_ANALYZER_NONNULL = YES;
				CLANG_ANALYZER_NUMBER_OBJECT_CONVERSION = YES_AGGRESSIVE;
				CLANG_CXX_LANGUAGE_STANDARD = "gnu++17";
				CLANG_CXX_LIBRARY = "libc++";
				CLANG_ENABLE_MODULES = YES;
				CLANG_ENABLE_OBJC_ARC = YES;
				CLANG_ENABLE_OBJC_WEAK = YES;
				CLANG_WARN_BLOCK_CAPTURE_AUTORELEASING = YES;
				CLANG_WARN_BOOL_CONVERSION = YES;
				CLANG_WARN_COMMA = YES;
				CLANG_WARN_CONSTANT_CONVERSION = YES;
				CLANG_WARN_DEPRECATED_OBJC_IMPLEMENTATIONS = YES;
				CLANG_WARN_DIRECT_OBJC_ISA_USAGE = YES_ERROR;
				CLANG_WARN_DOCUMENTATION_COMMENTS = YES;
				CLANG_WARN_EMPTY_BODY = YES;
				CLANG_WARN_ENUM_CONVERSION = YES;
				CLANG_WARN_INFINITE_RECURSION = YES;
				CLANG_WARN_INT_CONVERSION = YES;
				CLANG_WARN_NON_LITERAL_NULL_CONVERSION = YES;
				CLANG_WARN_OBJC_IMPLICIT_RETAIN_SELF = YES;
				CLANG_WARN_OBJC_LITERAL_CONVERSION = YES;
				CLANG_WARN_OBJC_ROOT_CLASS = YES_ERROR;
				CLANG_WARN_QUOTED_INCLUDE_IN_FRAMEWORK_HEADER = YES;
				CLANG_WARN_RANGE_LOOP_ANALYSIS = YES;
				CLANG_WARN_STRICT_PROTOTYPES = YES;
				CLANG_WARN_SUSPICIOUS_MOVE = YES;
				CLANG_WARN_UNGUARDED_AVAILABILITY = YES_AGGRESSIVE;
				CLANG_WARN_UNREACHABLE_CODE = YES;
				CLANG_WARN__DUPLICATE_METHOD_MATCH = YES;
				COPY_PHASE_STRIP = NO;
				DEBUG_INFORMATION_FORMAT = dwarf;
				ENABLE_STRICT_OBJC_MSGSEND = YES;
				ENABLE_TESTABILITY = YES;
				GCC_C_LANGUAGE_STANDARD = gnu11;
				GCC_DYNAMIC_NO_PIC = NO;
				GCC_NO_COMMON_BLOCKS = YES;
				GCC_OPTIMIZATION_LEVEL = 0;
				GCC_PREPROCESSOR_DEFINITIONS = (
					"DEBUG=1",
					"$(inherited)",
				);
				GCC_WARN_64_TO_32_BIT_CONVERSION = YES;
				GCC_WARN_ABOUT_RETURN_TYPE = YES_ERROR;
				GCC_WARN_UNDECLARED_SELECTOR = YES;
				GCC_WARN_UNINITIALIZED_AUTOS = YES_AGGRESSIVE;
				GCC_WARN_UNUSED_FUNCTION = YES;
				GCC_WARN_UNUSED_VARIABLE = YES;
				IPHONEOS_DEPLOYMENT_TARGET = 15.0;
				MTL_ENABLE_DEBUG_INFO = INCLUDE_SOURCE;
				MTL_FAST_MATH = YES;
				ONLY_ACTIVE_ARCH = YES;
				SDKROOT = iphoneos;
				SWIFT_ACTIVE_COMPILATION_CONDITIONS = DEBUG;
				SWIFT_OPTIMIZATION_LEVEL = "-Onone";
			};
			name = Debug;
		};
		B86295272717758B00EA8906 /* Release */ = {
			isa = XCBuildConfiguration;
			buildSettings = {
				ALWAYS_SEARCH_USER_PATHS = NO;
				CLANG_ANALYZER_NONNULL = YES;
				CLANG_ANALYZER_NUMBER_OBJECT_CONVERSION = YES_AGGRESSIVE;
				CLANG_CXX_LANGUAGE_STANDARD = "gnu++17";
				CLANG_CXX_LIBRARY = "libc++";
				CLANG_ENABLE_MODULES = YES;
				CLANG_ENABLE_OBJC_ARC = YES;
				CLANG_ENABLE_OBJC_WEAK = YES;
				CLANG_WARN_BLOCK_CAPTURE_AUTORELEASING = YES;
				CLANG_WARN_BOOL_CONVERSION = YES;
				CLANG_WARN_COMMA = YES;
				CLANG_WARN_CONSTANT_CONVERSION = YES;
				CLANG_WARN_DEPRECATED_OBJC_IMPLEMENTATIONS = YES;
				CLANG_WARN_DIRECT_OBJC_ISA_USAGE = YES_ERROR;
				CLANG_WARN_DOCUMENTATION_COMMENTS = YES;
				CLANG_WARN_EMPTY_BODY = YES;
				CLANG_WARN_ENUM_CONVERSION = YES;
				CLANG_WARN_INFINITE_RECURSION = YES;
				CLANG_WARN_INT_CONVERSION = YES;
				CLANG_WARN_NON_LITERAL_NULL_CONVERSION = YES;
				CLANG_WARN_OBJC_IMPLICIT_RETAIN_SELF = YES;
				CLANG_WARN_OBJC_LITERAL_CONVERSION = YES;
				CLANG_WARN_OBJC_ROOT_CLASS = YES_ERROR;
				CLANG_WARN_QUOTED_INCLUDE_IN_FRAMEWORK_HEADER = YES;
				CLANG_WARN_RANGE_LOOP_ANALYSIS = YES;
				CLANG_WARN_STRICT_PROTOTYPES = YES;
				CLANG_WARN_SUSPICIOUS_MOVE = YES;
				CLANG_WARN_UNGUARDED_AVAILABILITY = YES_AGGRESSIVE;
				CLANG_WARN_UNREACHABLE_CODE = YES;
				CLANG_WARN__DUPLICATE_METHOD_MATCH = YES;
				COPY_PHASE_STRIP = NO;
				DEBUG_INFORMATION_FORMAT = "dwarf-with-dsym";
				ENABLE_NS_ASSERTIONS = NO;
				ENABLE_STRICT_OBJC_MSGSEND = YES;
				GCC_C_LANGUAGE_STANDARD = gnu11;
				GCC_NO_COMMON_BLOCKS = YES;
				GCC_WARN_64_TO_32_BIT_CONVERSION = YES;
				GCC_WARN_ABOUT_RETURN_TYPE = YES_ERROR;
				GCC_WARN_UNDECLARED_SELECTOR = YES;
				GCC_WARN_UNINITIALIZED_AUTOS = YES_AGGRESSIVE;
				GCC_WARN_UNUSED_FUNCTION = YES;
				GCC_WARN_UNUSED_VARIABLE = YES;
				IPHONEOS_DEPLOYMENT_TARGET = 15.0;
				MTL_ENABLE_DEBUG_INFO = NO;
				MTL_FAST_MATH = YES;
				SDKROOT = iphoneos;
				SWIFT_COMPILATION_MODE = wholemodule;
				SWIFT_OPTIMIZATION_LEVEL = "-O";
				VALIDATE_PRODUCT = YES;
			};
			name = Release;
		};
		B86295292717758B00EA8906 /* Debug */ = {
			isa = XCBuildConfiguration;
			baseConfigurationReference = ED6D58CB9415DA5F101FE0CF /* Pods-CS275-Final-Project.debug.xcconfig */;
			buildSettings = {
				ASSETCATALOG_COMPILER_APPICON_NAME = AppIcon;
				ASSETCATALOG_COMPILER_GLOBAL_ACCENT_COLOR_NAME = AccentColor;
				CODE_SIGN_IDENTITY = "Apple Development";
				CODE_SIGN_STYLE = Automatic;
				CURRENT_PROJECT_VERSION = 1;
				DEVELOPMENT_TEAM = "";
				GENERATE_INFOPLIST_FILE = YES;
				INFOPLIST_FILE = "CS275-Final-Project/Info.plist";
				INFOPLIST_KEY_UIApplicationSupportsIndirectInputEvents = YES;
				INFOPLIST_KEY_UILaunchStoryboardName = LaunchScreen;
				INFOPLIST_KEY_UIMainStoryboardFile = Main;
				INFOPLIST_KEY_UISupportedInterfaceOrientations_iPad = "UIInterfaceOrientationPortrait UIInterfaceOrientationPortraitUpsideDown UIInterfaceOrientationLandscapeLeft UIInterfaceOrientationLandscapeRight";
				INFOPLIST_KEY_UISupportedInterfaceOrientations_iPhone = "UIInterfaceOrientationPortrait UIInterfaceOrientationLandscapeLeft UIInterfaceOrientationLandscapeRight";
				LD_RUNPATH_SEARCH_PATHS = (
					"$(inherited)",
					"@executable_path/Frameworks",
				);
				MARKETING_VERSION = 1.0;
				PRODUCT_BUNDLE_IDENTIFIER = "rliston.CS275-Final-Project";
				PRODUCT_NAME = "$(TARGET_NAME)";
				PROVISIONING_PROFILE_SPECIFIER = "";
				SWIFT_EMIT_LOC_STRINGS = YES;
				SWIFT_VERSION = 5.0;
				TARGETED_DEVICE_FAMILY = "1,2";
			};
			name = Debug;
		};
		B862952A2717758B00EA8906 /* Release */ = {
			isa = XCBuildConfiguration;
			baseConfigurationReference = 73AF7372A90706DF353712B6 /* Pods-CS275-Final-Project.release.xcconfig */;
			buildSettings = {
				ASSETCATALOG_COMPILER_APPICON_NAME = AppIcon;
				ASSETCATALOG_COMPILER_GLOBAL_ACCENT_COLOR_NAME = AccentColor;
				CODE_SIGN_IDENTITY = "Apple Development";
				CODE_SIGN_STYLE = Automatic;
				CURRENT_PROJECT_VERSION = 1;
				DEVELOPMENT_TEAM = "";
				GENERATE_INFOPLIST_FILE = YES;
				INFOPLIST_FILE = "CS275-Final-Project/Info.plist";
				INFOPLIST_KEY_UIApplicationSupportsIndirectInputEvents = YES;
				INFOPLIST_KEY_UILaunchStoryboardName = LaunchScreen;
				INFOPLIST_KEY_UIMainStoryboardFile = Main;
				INFOPLIST_KEY_UISupportedInterfaceOrientations_iPad = "UIInterfaceOrientationPortrait UIInterfaceOrientationPortraitUpsideDown UIInterfaceOrientationLandscapeLeft UIInterfaceOrientationLandscapeRight";
				INFOPLIST_KEY_UISupportedInterfaceOrientations_iPhone = "UIInterfaceOrientationPortrait UIInterfaceOrientationLandscapeLeft UIInterfaceOrientationLandscapeRight";
				LD_RUNPATH_SEARCH_PATHS = (
					"$(inherited)",
					"@executable_path/Frameworks",
				);
				MARKETING_VERSION = 1.0;
				PRODUCT_BUNDLE_IDENTIFIER = "rliston.CS275-Final-Project";
				PRODUCT_NAME = "$(TARGET_NAME)";
				PROVISIONING_PROFILE_SPECIFIER = "";
				SWIFT_EMIT_LOC_STRINGS = YES;
				SWIFT_VERSION = 5.0;
				TARGETED_DEVICE_FAMILY = "1,2";
			};
			name = Release;
		};
		B862952C2717758B00EA8906 /* Debug */ = {
			isa = XCBuildConfiguration;
			baseConfigurationReference = A24EF4FF6F2A25DD53823C49 /* Pods-CS275-Final-ProjectTests.debug.xcconfig */;
			buildSettings = {
				ALWAYS_EMBED_SWIFT_STANDARD_LIBRARIES = YES;
				BUNDLE_LOADER = "$(TEST_HOST)";
				CODE_SIGN_STYLE = Automatic;
				CURRENT_PROJECT_VERSION = 1;
				DEVELOPMENT_TEAM = 54CQJY32FA;
				GENERATE_INFOPLIST_FILE = YES;
				IPHONEOS_DEPLOYMENT_TARGET = 15.0;
				LD_RUNPATH_SEARCH_PATHS = (
					"$(inherited)",
					"@executable_path/Frameworks",
					"@loader_path/Frameworks",
				);
				MARKETING_VERSION = 1.0;
				PRODUCT_BUNDLE_IDENTIFIER = "rliston.CS275-Final-ProjectTests";
				PRODUCT_NAME = "$(TARGET_NAME)";
				SWIFT_EMIT_LOC_STRINGS = NO;
				SWIFT_VERSION = 5.0;
				TARGETED_DEVICE_FAMILY = "1,2";
				TEST_HOST = "$(BUILT_PRODUCTS_DIR)/CS275-Final-Project.app/CS275-Final-Project";
			};
			name = Debug;
		};
		B862952D2717758B00EA8906 /* Release */ = {
			isa = XCBuildConfiguration;
			baseConfigurationReference = 9C7F4FF24A1B5C3C51439705 /* Pods-CS275-Final-ProjectTests.release.xcconfig */;
			buildSettings = {
				ALWAYS_EMBED_SWIFT_STANDARD_LIBRARIES = YES;
				BUNDLE_LOADER = "$(TEST_HOST)";
				CODE_SIGN_STYLE = Automatic;
				CURRENT_PROJECT_VERSION = 1;
				DEVELOPMENT_TEAM = 54CQJY32FA;
				GENERATE_INFOPLIST_FILE = YES;
				IPHONEOS_DEPLOYMENT_TARGET = 15.0;
				LD_RUNPATH_SEARCH_PATHS = (
					"$(inherited)",
					"@executable_path/Frameworks",
					"@loader_path/Frameworks",
				);
				MARKETING_VERSION = 1.0;
				PRODUCT_BUNDLE_IDENTIFIER = "rliston.CS275-Final-ProjectTests";
				PRODUCT_NAME = "$(TARGET_NAME)";
				SWIFT_EMIT_LOC_STRINGS = NO;
				SWIFT_VERSION = 5.0;
				TARGETED_DEVICE_FAMILY = "1,2";
				TEST_HOST = "$(BUILT_PRODUCTS_DIR)/CS275-Final-Project.app/CS275-Final-Project";
			};
			name = Release;
		};
		B862952F2717758B00EA8906 /* Debug */ = {
			isa = XCBuildConfiguration;
			baseConfigurationReference = DAB299DF42F28567CDF5B892 /* Pods-CS275-Final-Project-CS275-Final-ProjectUITests.debug.xcconfig */;
			buildSettings = {
				ALWAYS_EMBED_SWIFT_STANDARD_LIBRARIES = YES;
				CODE_SIGN_STYLE = Automatic;
				CURRENT_PROJECT_VERSION = 1;
				GENERATE_INFOPLIST_FILE = YES;
				LD_RUNPATH_SEARCH_PATHS = (
					"$(inherited)",
					"@executable_path/Frameworks",
					"@loader_path/Frameworks",
				);
				MARKETING_VERSION = 1.0;
				PRODUCT_BUNDLE_IDENTIFIER = "rliston.CS275-Final-ProjectUITests";
				PRODUCT_NAME = "$(TARGET_NAME)";
				SWIFT_EMIT_LOC_STRINGS = NO;
				SWIFT_VERSION = 5.0;
				TARGETED_DEVICE_FAMILY = "1,2";
				TEST_TARGET_NAME = "CS275-Final-Project";
			};
			name = Debug;
		};
		B86295302717758B00EA8906 /* Release */ = {
			isa = XCBuildConfiguration;
			baseConfigurationReference = 84422DE520E1408B279EFF6A /* Pods-CS275-Final-Project-CS275-Final-ProjectUITests.release.xcconfig */;
			buildSettings = {
				ALWAYS_EMBED_SWIFT_STANDARD_LIBRARIES = YES;
				CODE_SIGN_STYLE = Automatic;
				CURRENT_PROJECT_VERSION = 1;
				GENERATE_INFOPLIST_FILE = YES;
				LD_RUNPATH_SEARCH_PATHS = (
					"$(inherited)",
					"@executable_path/Frameworks",
					"@loader_path/Frameworks",
				);
				MARKETING_VERSION = 1.0;
				PRODUCT_BUNDLE_IDENTIFIER = "rliston.CS275-Final-ProjectUITests";
				PRODUCT_NAME = "$(TARGET_NAME)";
				SWIFT_EMIT_LOC_STRINGS = NO;
				SWIFT_VERSION = 5.0;
				TARGETED_DEVICE_FAMILY = "1,2";
				TEST_TARGET_NAME = "CS275-Final-Project";
			};
			name = Release;
		};
/* End XCBuildConfiguration section */

/* Begin XCConfigurationList section */
		B86294F92717758A00EA8906 /* Build configuration list for PBXProject "CS275-Final-Project" */ = {
			isa = XCConfigurationList;
			buildConfigurations = (
				B86295262717758B00EA8906 /* Debug */,
				B86295272717758B00EA8906 /* Release */,
			);
			defaultConfigurationIsVisible = 0;
			defaultConfigurationName = Release;
		};
		B86295282717758B00EA8906 /* Build configuration list for PBXNativeTarget "CS275-Final-Project" */ = {
			isa = XCConfigurationList;
			buildConfigurations = (
				B86295292717758B00EA8906 /* Debug */,
				B862952A2717758B00EA8906 /* Release */,
			);
			defaultConfigurationIsVisible = 0;
			defaultConfigurationName = Release;
		};
		B862952B2717758B00EA8906 /* Build configuration list for PBXNativeTarget "CS275-Final-ProjectTests" */ = {
			isa = XCConfigurationList;
			buildConfigurations = (
				B862952C2717758B00EA8906 /* Debug */,
				B862952D2717758B00EA8906 /* Release */,
			);
			defaultConfigurationIsVisible = 0;
			defaultConfigurationName = Release;
		};
		B862952E2717758B00EA8906 /* Build configuration list for PBXNativeTarget "CS275-Final-ProjectUITests" */ = {
			isa = XCConfigurationList;
			buildConfigurations = (
				B862952F2717758B00EA8906 /* Debug */,
				B86295302717758B00EA8906 /* Release */,
			);
			defaultConfigurationIsVisible = 0;
			defaultConfigurationName = Release;
		};
/* End XCConfigurationList section */
	};
	rootObject = B86294F62717758A00EA8906 /* Project object */;
}
